{
  "nodes": {
    "flake-utils": {
      "inputs": {
        "systems": "systems"
      },
      "locked": {
        "lastModified": 1731533236,
        "narHash": "sha256-l0KFg5HjrsfsO/JpG+r7fRrqm12kzFHyUHqHCVpMMbI=",
        "owner": "numtide",
        "repo": "flake-utils",
        "rev": "11707dc2f618dd54ca8739b309ec4fc024de578b",
        "type": "github"
      },
      "original": {
        "owner": "numtide",
        "repo": "flake-utils",
        "type": "github"
      }
    },
    "nix-vscode-extensions": {
      "inputs": {
        "nixpkgs": [
          "nixpkgs"
        ]
      },
      "locked": {
        "lastModified": 1785812695,
        "narHash": "sha256-YKd6efsiKdJ7UOAURH6sanFqv6JXfHIqxXVC4kuDppc=",
        "owner": "nix-community",
        "repo": "nix-vscode-extensions",
        "rev": "2ae89c3de613fb717a8e5e43e20b6603c4dd63cc",
        "type": "github"
      },
      "original": {
        "owner": "nix-community",
        "repo": "nix-vscode-extensions",
        "type": "github"
      }
    },
    "nixpkgs": {
      "locked": {
        "lastModified": 1785692966,
        "narHash": "sha256-1+YGJM7PLfvTsbUxDHKj0NcuEXYFHfZBDuajujCcVmY=",
        "rev": "643809054d65fdd466a63e3155b8c498cb483c04",
        "type": "tarball",
        "url": "https://releases.nixos.org/nixos/unstable/nixos-26.11pre1046609.643809054d65/nixexprs.tar.xz"
      },
      "original": {
        "id": "nixpkgs",
        "ref": "nixos-unstable",
        "type": "indirect"
      }
    },
    "root": {
      "inputs": {
        "flake-utils": "flake-utils",
        "nix-vscode-extensions": "nix-vscode-extensions",
        "nixpkgs": "nixpkgs",
        "rust-overlay": "rust-overlay",
        "tree-sitter": "tree-sitter"
      }
    },
    "rust-overlay": {
      "inputs": {
        "nixpkgs": [
          "nixpkgs"
        ]
      },
      "locked": {
        "lastModified": 1786680812,
        "narHash": "sha256-5lDFwethgqSULdupYl3Eu5n80jfcbb85gSJX/jb58GQ=",
        "owner": "oxalica",
        "repo": "rust-overlay",
        "rev": "f1dcc7e4ea4fdb6d8f276face22f353832b161e3",
        "type": "github"
      },
      "original": {
        "owner": "oxalica",
        "repo": "rust-overlay",
        "type": "github"
      }
    },
    "systems": {
      "locked": {
        "lastModified": 1681028828,
        "narHash": "sha256-Vy1rq5AaRuLzOxct8nz4T6wlgyUR7zLU309k9mBC768=",
        "owner": "nix-systems",
        "repo": "default",
        "rev": "da67096a3b9bf56a91d16901293e51ba5b49a27e",
        "type": "github"
      },
      "original": {
        "owner": "nix-systems",
        "repo": "default",
        "type": "github"
      }
    },
    "tree-sitter": {
      "inputs": {
        "nixpkgs": [
          "nixpkgs"
        ]
      },
      "locked": {
        "lastModified": 1786781618,
        "narHash": "sha256-T/UolSqdjvnyyUyDOlJ+PQG8TP0oT37CH+8t4IISwLA=",
        "owner": "tree-sitter",
        "repo": "tree-sitter",
        "rev": "dff1fd868c750dbbae179fcd5c43ce987e4e0528",
        "type": "github"
      },
      "original": {
        "owner": "tree-sitter",
        "repo": "tree-sitter",
        "type": "github"
      }
    }
  },
  "root": "root",
  "version": 7
}
